
Microsoft Visual Studio Solution File, Format Version 12.00
# Visual Studio Version 17
VisualStudioVersion = 17.3.32819.101
MinimumVisualStudioVersion = 10.0.40219.1
Project("{FAE04EC0-301F-11D3-BF4B-00C04F79EFBC}") = "WebApplication4", "WebApplication4\WebApplication4.csproj", "{E6620C25-05FE-44AD-AFA5-BFD050E7D935}"
EndProject
Global
	GlobalSection(SolutionConfigurationPlatforms) = preSolution
		Debug|Any CPU = Debug|Any CPU
		Release|Any CPU = Release|Any CPU
	EndGlobalSection
	GlobalSection(ProjectConfigurationPlatforms) = postSolution
		{E6620C25-05FE-44AD-AFA5-BFD050E7D935}.Debug|Any CPU.ActiveCfg = Debug|Any CPU
		{E6620C25-05FE-44AD-AFA5-BFD050E7D935}.Debug|Any CPU.Build.0 = Debug|Any CPU
		{E6620C25-05FE-44AD-AFA5-BFD050E7D935}.Release|Any CPU.ActiveCfg = Release|Any CPU
		{E6620C25-05FE-44AD-AFA5-BFD050E7D935}.Release|Any CPU.Build.0 = Release|Any CPU
	EndGlobalSection
	GlobalSection(SolutionProperties) = preSolution
		HideSolutionNode = FALSE
	EndGlobalSection
	GlobalSection(ExtensibilityGlobals) = postSolution
		SolutionGuid = {BA854B3F-D8DD-4413-81AE-39116CC9A9E3}
	EndGlobalSection
EndGlobal
